
Microsoft Visual Studio Solution File, Format Version 12.00
# Visual Studio Version 16
VisualStudioVersion = 16.0.32602.291
MinimumVisualStudioVersion = 10.0.40219.1
Project("{FAE04EC0-301F-11D3-BF4B-00C04F79EFBC}") = "WebApplication8", "WebApplication8.csproj", "{12E951F3-EFF1-462E-91B5-9D1D4CC26C5D}"
EndProject
Project("{FAE04EC0-301F-11D3-BF4B-00C04F79EFBC}") = "WebApplication8.Tests", "..\WebApplication8.Tests\WebApplication8.Tests.csproj", "{3D940250-BD2A-4489-93BF-830BABB9DF55}"
EndProject
Global
	GlobalSection(SolutionConfigurationPlatforms) = preSolution
		Debug|Any CPU = Debug|Any CPU
		Release|Any CPU = Release|Any CPU
	EndGlobalSection
	GlobalSection(ProjectConfigurationPlatforms) = postSolution
		{12E951F3-EFF1-462E-91B5-9D1D4CC26C5D}.Debug|Any CPU.ActiveCfg = Debug|Any CPU
		{12E951F3-EFF1-462E-91B5-9D1D4CC26C5D}.Debug|Any CPU.Build.0 = Debug|Any CPU
		{12E951F3-EFF1-462E-91B5-9D1D4CC26C5D}.Release|Any CPU.ActiveCfg = Release|Any CPU
		{12E951F3-EFF1-462E-91B5-9D1D4CC26C5D}.Release|Any CPU.Build.0 = Release|Any CPU
		{3D940250-BD2A-4489-93BF-830BABB9DF55}.Debug|Any CPU.ActiveCfg = Debug|Any CPU
		{3D940250-BD2A-4489-93BF-830BABB9DF55}.Debug|Any CPU.Build.0 = Debug|Any CPU
		{3D940250-BD2A-4489-93BF-830BABB9DF55}.Release|Any CPU.ActiveCfg = Release|Any CPU
		{3D940250-BD2A-4489-93BF-830BABB9DF55}.Release|Any CPU.Build.0 = Release|Any CPU
	EndGlobalSection
	GlobalSection(SolutionProperties) = preSolution
		HideSolutionNode = FALSE
	EndGlobalSection
	GlobalSection(ExtensibilityGlobals) = postSolution
		SolutionGuid = {A88BD87F-7705-4EFA-87B7-F774F30AEE35}
	EndGlobalSection
EndGlobal
